
Microsoft Visual Studio Solution File, Format Version 12.00
# Visual Studio Version 16
VisualStudioVersion = 16.0.30717.126
MinimumVisualStudioVersion = 10.0.40219.1
Project("{9A19103F-16F7-4668-BE54-9A1E7A4F7556}") = "Employee_Salary_Haidar", "Employee_Salary_Haidar\Employee_Salary_Haidar.csproj", "{B235B82B-57D5-4FB7-A8BF-6A36A60ACAE8}"
EndProject
Project("{FAE04EC0-301F-11D3-BF4B-00C04F79EFBC}") = "XUnitTestEmployeeSalary", "XUnitTestEmployeeSalary\XUnitTestEmployeeSalary.csproj", "{C987523F-3D11-4F88-BF8F-D26E3BA4D84B}"
EndProject
Global
	GlobalSection(SolutionConfigurationPlatforms) = preSolution
		Debug|Any CPU = Debug|Any CPU
		Release|Any CPU = Release|Any CPU
	EndGlobalSection
	GlobalSection(ProjectConfigurationPlatforms) = postSolution
		{B235B82B-57D5-4FB7-A8BF-6A36A60ACAE8}.Debug|Any CPU.ActiveCfg = Debug|Any CPU
		{B235B82B-57D5-4FB7-A8BF-6A36A60ACAE8}.Debug|Any CPU.Build.0 = Debug|Any CPU
		{B235B82B-57D5-4FB7-A8BF-6A36A60ACAE8}.Release|Any CPU.ActiveCfg = Release|Any CPU
		{B235B82B-57D5-4FB7-A8BF-6A36A60ACAE8}.Release|Any CPU.Build.0 = Release|Any CPU
		{C987523F-3D11-4F88-BF8F-D26E3BA4D84B}.Debug|Any CPU.ActiveCfg = Debug|Any CPU
		{C987523F-3D11-4F88-BF8F-D26E3BA4D84B}.Debug|Any CPU.Build.0 = Debug|Any CPU
		{C987523F-3D11-4F88-BF8F-D26E3BA4D84B}.Release|Any CPU.ActiveCfg = Release|Any CPU
		{C987523F-3D11-4F88-BF8F-D26E3BA4D84B}.Release|Any CPU.Build.0 = Release|Any CPU
	EndGlobalSection
	GlobalSection(SolutionProperties) = preSolution
		HideSolutionNode = FALSE
	EndGlobalSection
	GlobalSection(ExtensibilityGlobals) = postSolution
		SolutionGuid = {B4C797EF-8B55-47E1-9D0C-CC473EEACCBF}
	EndGlobalSection
EndGlobal
